
Microsoft Visual Studio Solution File, Format Version 12.00
# Visual Studio Version 17
VisualStudioVersion = 17.9.34728.123
MinimumVisualStudioVersion = 10.0.40219.1
Project("{FAE04EC0-301F-11D3-BF4B-00C04F79EFBC}") = "Pref", "Pref\Pref.csproj", "{A0A3DEF7-50B3-464A-9A3A-23C733DFDC2B}"
EndProject
Global
	GlobalSection(SolutionConfigurationPlatforms) = preSolution
		Debug|Any CPU = Debug|Any CPU
		Release|Any CPU = Release|Any CPU
	EndGlobalSection
	GlobalSection(ProjectConfigurationPlatforms) = postSolution
		{A0A3DEF7-50B3-464A-9A3A-23C733DFDC2B}.Debug|Any CPU.ActiveCfg = Debug|Any CPU
		{A0A3DEF7-50B3-464A-9A3A-23C733DFDC2B}.Debug|Any CPU.Build.0 = Debug|Any CPU
		{A0A3DEF7-50B3-464A-9A3A-23C733DFDC2B}.Release|Any CPU.ActiveCfg = Release|Any CPU
		{A0A3DEF7-50B3-464A-9A3A-23C733DFDC2B}.Release|Any CPU.Build.0 = Release|Any CPU
	EndGlobalSection
	GlobalSection(SolutionProperties) = preSolution
		HideSolutionNode = FALSE
	EndGlobalSection
	GlobalSection(ExtensibilityGlobals) = postSolution
		SolutionGuid = {30720240-7D6B-41B2-8295-F0CDF4BF7CA5}
	EndGlobalSection
EndGlobal
